{
  "name": "@lookback/esbuild-ts-register",
  "version": "1.0.1",
  "lockfileVersion": 1,
  "requires": true,
  "dependencies": {
    "esbuild": {
      "version": "0.12.1",
      "resolved": "https://registry.npmjs.org/esbuild/-/esbuild-0.12.1.tgz",
      "integrity": "sha512-WfQ00MKm/Y4ysz1u9PCUAsV66k5lbrcEvS6aG9jhBIavpB94FBdaWeBkaZXxCZB4w+oqh+j4ozJFWnnFprOXbg=="
    },
    "node-modules-regexp": {
      "version": "1.0.0",
      "resolved": "https://registry.npmjs.org/node-modules-regexp/-/node-modules-regexp-1.0.0.tgz",
      "integrity": "sha1-jZ2+KJZKSsVxLpExZCEHxx6Q7EA="
    },
    "pirates": {
      "version": "4.0.1",
      "resolved": "https://registry.npmjs.org/pirates/-/pirates-4.0.1.tgz",
      "integrity": "sha512-WuNqLTbMI3tmfef2TKxlQmAiLHKtFhlsCZnPIpuv2Ow0RDVO8lfy1Opf4NUzlMXLjPl+Men7AuVdX6TA+s+uGA==",
      "requires": {
        "node-modules-regexp": "^1.0.0"
      }
    }
  }
}
